
Microsoft Visual Studio Solution File, Format Version 12.00
# Visual Studio 2015
Project("{FAE04EC0-301F-11D3-BF4B-00C04F79EFBC}") = "MazeGame.CSharp.Plugins", "MazeGame.CSharp.Plugins.csproj", "{3CC0C270-46AB-6E56-167D-DF39C1610AB1}"
EndProject
Project("{FAE04EC0-301F-11D3-BF4B-00C04F79EFBC}") = "MazeGame.CSharp", "MazeGame.CSharp.csproj", "{B6A8E67B-7904-1701-ECE3-176E8D8B5572}"
EndProject
Project("{FAE04EC0-301F-11D3-BF4B-00C04F79EFBC}") = "MazeGame.CSharp.Editor", "MazeGame.CSharp.Editor.csproj", "{2EA766A2-C2E3-E38A-E086-426ED4FC3DAD}"
EndProject
Global
	GlobalSection(SolutionConfigurationPlatforms) = preSolution
		Debug|Any CPU = Debug|Any CPU
		Release|Any CPU = Release|Any CPU
	EndGlobalSection
	GlobalSection(ProjectConfigurationPlatforms) = postSolution
		{3CC0C270-46AB-6E56-167D-DF39C1610AB1}.Debug|Any CPU.ActiveCfg = Debug|Any CPU
		{3CC0C270-46AB-6E56-167D-DF39C1610AB1}.Debug|Any CPU.Build.0 = Debug|Any CPU
		{3CC0C270-46AB-6E56-167D-DF39C1610AB1}.Release|Any CPU.ActiveCfg = Release|Any CPU
		{3CC0C270-46AB-6E56-167D-DF39C1610AB1}.Release|Any CPU.Build.0 = Release|Any CPU
		{B6A8E67B-7904-1701-ECE3-176E8D8B5572}.Debug|Any CPU.ActiveCfg = Debug|Any CPU
		{B6A8E67B-7904-1701-ECE3-176E8D8B5572}.Debug|Any CPU.Build.0 = Debug|Any CPU
		{B6A8E67B-7904-1701-ECE3-176E8D8B5572}.Release|Any CPU.ActiveCfg = Release|Any CPU
		{B6A8E67B-7904-1701-ECE3-176E8D8B5572}.Release|Any CPU.Build.0 = Release|Any CPU
		{2EA766A2-C2E3-E38A-E086-426ED4FC3DAD}.Debug|Any CPU.ActiveCfg = Debug|Any CPU
		{2EA766A2-C2E3-E38A-E086-426ED4FC3DAD}.Debug|Any CPU.Build.0 = Debug|Any CPU
		{2EA766A2-C2E3-E38A-E086-426ED4FC3DAD}.Release|Any CPU.ActiveCfg = Release|Any CPU
		{2EA766A2-C2E3-E38A-E086-426ED4FC3DAD}.Release|Any CPU.Build.0 = Release|Any CPU
	EndGlobalSection
	GlobalSection(SolutionProperties) = preSolution
		HideSolutionNode = FALSE
	EndGlobalSection
EndGlobal
